
Microsoft Visual Studio Solution File, Format Version 12.00
# Visual Studio Version 17
VisualStudioVersion = 17.5.33424.131
MinimumVisualStudioVersion = 10.0.40219.1
Project("{9A19103F-16F7-4668-BE54-9A1E7A4F7556}") = "Task1", "Task1\Task1.csproj", "{A5D8107F-B9BB-4E77-8030-27C4D9EACEC2}"
EndProject
Project("{9A19103F-16F7-4668-BE54-9A1E7A4F7556}") = "Task2", "Task2\Task2.csproj", "{F9DD8485-F507-40C8-85A5-397F06FE7645}"
EndProject
Project("{FAE04EC0-301F-11D3-BF4B-00C04F79EFBC}") = "Task3", "Task3\Task3.csproj", "{35E66B18-B115-4721-AF58-2D472BBF84A7}"
EndProject
Project("{FAE04EC0-301F-11D3-BF4B-00C04F79EFBC}") = "Task4", "Task4\Task4.csproj", "{E04A31F9-DB4E-4275-A537-87687D03E2F9}"
EndProject
Global
	GlobalSection(SolutionConfigurationPlatforms) = preSolution
		Debug|Any CPU = Debug|Any CPU
		Release|Any CPU = Release|Any CPU
	EndGlobalSection
	GlobalSection(ProjectConfigurationPlatforms) = postSolution
		{A5D8107F-B9BB-4E77-8030-27C4D9EACEC2}.Debug|Any CPU.ActiveCfg = Debug|Any CPU
		{A5D8107F-B9BB-4E77-8030-27C4D9EACEC2}.Debug|Any CPU.Build.0 = Debug|Any CPU
		{A5D8107F-B9BB-4E77-8030-27C4D9EACEC2}.Release|Any CPU.ActiveCfg = Release|Any CPU
		{A5D8107F-B9BB-4E77-8030-27C4D9EACEC2}.Release|Any CPU.Build.0 = Release|Any CPU
		{F9DD8485-F507-40C8-85A5-397F06FE7645}.Debug|Any CPU.ActiveCfg = Debug|Any CPU
		{F9DD8485-F507-40C8-85A5-397F06FE7645}.Debug|Any CPU.Build.0 = Debug|Any CPU
		{F9DD8485-F507-40C8-85A5-397F06FE7645}.Release|Any CPU.ActiveCfg = Release|Any CPU
		{F9DD8485-F507-40C8-85A5-397F06FE7645}.Release|Any CPU.Build.0 = Release|Any CPU
		{35E66B18-B115-4721-AF58-2D472BBF84A7}.Debug|Any CPU.ActiveCfg = Debug|Any CPU
		{35E66B18-B115-4721-AF58-2D472BBF84A7}.Debug|Any CPU.Build.0 = Debug|Any CPU
		{35E66B18-B115-4721-AF58-2D472BBF84A7}.Release|Any CPU.ActiveCfg = Release|Any CPU
		{35E66B18-B115-4721-AF58-2D472BBF84A7}.Release|Any CPU.Build.0 = Release|Any CPU
		{E04A31F9-DB4E-4275-A537-87687D03E2F9}.Debug|Any CPU.ActiveCfg = Debug|Any CPU
		{E04A31F9-DB4E-4275-A537-87687D03E2F9}.Debug|Any CPU.Build.0 = Debug|Any CPU
		{E04A31F9-DB4E-4275-A537-87687D03E2F9}.Release|Any CPU.ActiveCfg = Release|Any CPU
		{E04A31F9-DB4E-4275-A537-87687D03E2F9}.Release|Any CPU.Build.0 = Release|Any CPU
	EndGlobalSection
	GlobalSection(SolutionProperties) = preSolution
		HideSolutionNode = FALSE
	EndGlobalSection
	GlobalSection(ExtensibilityGlobals) = postSolution
		SolutionGuid = {A13B7F21-230B-4435-A1E2-7F4E95BA3EA0}
	EndGlobalSection
EndGlobal
